
Microsoft Visual Studio Solution File, Format Version 12.00
# Visual Studio Version 17
VisualStudioVersion = 17.5.2.0
MinimumVisualStudioVersion = 10.0.40219.1
Project("{2150E333-8FDC-42A3-9474-1A3956D46DE8}") = "src", "src", "{827E0CD3-B72D-47B6-A68D-7590B98EB39B}"
EndProject
Project("{FAE04EC0-301F-11D3-BF4B-00C04F79EFBC}") = "FitToMarkdown.Cli", "src\FitToMarkdown.Cli\FitToMarkdown.Cli.csproj", "{1BF6CD6B-4C0F-A3AF-FB47-B515396297C9}"
EndProject
Project("{FAE04EC0-301F-11D3-BF4B-00C04F79EFBC}") = "FitToMarkdown.Core", "src\FitToMarkdown.Core\FitToMarkdown.Core.csproj", "{C6B21CF1-14C7-3EF3-F83A-500A544BFF26}"
EndProject
Project("{FAE04EC0-301F-11D3-BF4B-00C04F79EFBC}") = "FitToMarkdown.Fit", "src\FitToMarkdown.Fit\FitToMarkdown.Fit.csproj", "{FB757D0F-F2A4-2E6E-A618-B15FABC5E5DF}"
EndProject
Project("{FAE04EC0-301F-11D3-BF4B-00C04F79EFBC}") = "FitToMarkdown.Markdown", "src\FitToMarkdown.Markdown\FitToMarkdown.Markdown.csproj", "{797023E0-4D13-7B97-ECE3-C488FB63E317}"
EndProject
Project("{2150E333-8FDC-42A3-9474-1A3956D46DE8}") = "tests", "tests", "{0AB3BF05-4346-4AA6-1389-037BE0695223}"
EndProject
Project("{FAE04EC0-301F-11D3-BF4B-00C04F79EFBC}") = "FitToMarkdown.Fit.Tests", "tests\FitToMarkdown.Fit.Tests\FitToMarkdown.Fit.Tests.csproj", "{ABEDBF0D-A561-4E61-91D0-78B68965C0D6}"
EndProject
Project("{FAE04EC0-301F-11D3-BF4B-00C04F79EFBC}") = "FitToMarkdown.Markdown.Tests", "tests\FitToMarkdown.Markdown.Tests\FitToMarkdown.Markdown.Tests.csproj", "{A2E80F9F-C4EC-42EE-86E7-E8E2EBB3D54A}"
EndProject
Project("{FAE04EC0-301F-11D3-BF4B-00C04F79EFBC}") = "FitToMarkdown.Cli.Tests", "tests\FitToMarkdown.Cli.Tests\FitToMarkdown.Cli.Tests.csproj", "{37B556C4-BBF1-42C9-B9C6-713C5A6C1291}"
EndProject
Global
	GlobalSection(SolutionConfigurationPlatforms) = preSolution
		Debug|Any CPU = Debug|Any CPU
		Debug|x64 = Debug|x64
		Debug|x86 = Debug|x86
		Release|Any CPU = Release|Any CPU
		Release|x64 = Release|x64
		Release|x86 = Release|x86
	EndGlobalSection
	GlobalSection(ProjectConfigurationPlatforms) = postSolution
		{1BF6CD6B-4C0F-A3AF-FB47-B515396297C9}.Debug|Any CPU.ActiveCfg = Debug|Any CPU
		{1BF6CD6B-4C0F-A3AF-FB47-B515396297C9}.Debug|Any CPU.Build.0 = Debug|Any CPU
		{1BF6CD6B-4C0F-A3AF-FB47-B515396297C9}.Debug|x64.ActiveCfg = Debug|Any CPU
		{1BF6CD6B-4C0F-A3AF-FB47-B515396297C9}.Debug|x64.Build.0 = Debug|Any CPU
		{1BF6CD6B-4C0F-A3AF-FB47-B515396297C9}.Debug|x86.ActiveCfg = Debug|Any CPU
		{1BF6CD6B-4C0F-A3AF-FB47-B515396297C9}.Debug|x86.Build.0 = Debug|Any CPU
		{1BF6CD6B-4C0F-A3AF-FB47-B515396297C9}.Release|Any CPU.ActiveCfg = Release|Any CPU
		{1BF6CD6B-4C0F-A3AF-FB47-B515396297C9}.Release|Any CPU.Build.0 = Release|Any CPU
		{1BF6CD6B-4C0F-A3AF-FB47-B515396297C9}.Release|x64.ActiveCfg = Release|Any CPU
		{1BF6CD6B-4C0F-A3AF-FB47-B515396297C9}.Release|x64.Build.0 = Release|Any CPU
		{1BF6CD6B-4C0F-A3AF-FB47-B515396297C9}.Release|x86.ActiveCfg = Release|Any CPU
		{1BF6CD6B-4C0F-A3AF-FB47-B515396297C9}.Release|x86.Build.0 = Release|Any CPU
		{C6B21CF1-14C7-3EF3-F83A-500A544BFF26}.Debug|Any CPU.ActiveCfg = Debug|Any CPU
		{C6B21CF1-14C7-3EF3-F83A-500A544BFF26}.Debug|Any CPU.Build.0 = Debug|Any CPU
		{C6B21CF1-14C7-3EF3-F83A-500A544BFF26}.Debug|x64.ActiveCfg = Debug|Any CPU
		{C6B21CF1-14C7-3EF3-F83A-500A544BFF26}.Debug|x64.Build.0 = Debug|Any CPU
		{C6B21CF1-14C7-3EF3-F83A-500A544BFF26}.Debug|x86.ActiveCfg = Debug|Any CPU
		{C6B21CF1-14C7-3EF3-F83A-500A544BFF26}.Debug|x86.Build.0 = Debug|Any CPU
		{C6B21CF1-14C7-3EF3-F83A-500A544BFF26}.Release|Any CPU.ActiveCfg = Release|Any CPU
		{C6B21CF1-14C7-3EF3-F83A-500A544BFF26}.Release|Any CPU.Build.0 = Release|Any CPU
		{C6B21CF1-14C7-3EF3-F83A-500A544BFF26}.Release|x64.ActiveCfg = Release|Any CPU
		{C6B21CF1-14C7-3EF3-F83A-500A544BFF26}.Release|x64.Build.0 = Release|Any CPU
		{C6B21CF1-14C7-3EF3-F83A-500A544BFF26}.Release|x86.ActiveCfg = Release|Any CPU
		{C6B21CF1-14C7-3EF3-F83A-500A544BFF26}.Release|x86.Build.0 = Release|Any CPU
		{FB757D0F-F2A4-2E6E-A618-B15FABC5E5DF}.Debug|Any CPU.ActiveCfg = Debug|Any CPU
		{FB757D0F-F2A4-2E6E-A618-B15FABC5E5DF}.Debug|Any CPU.Build.0 = Debug|Any CPU
		{FB757D0F-F2A4-2E6E-A618-B15FABC5E5DF}.Debug|x64.ActiveCfg = Debug|Any CPU
		{FB757D0F-F2A4-2E6E-A618-B15FABC5E5DF}.Debug|x64.Build.0 = Debug|Any CPU
		{FB757D0F-F2A4-2E6E-A618-B15FABC5E5DF}.Debug|x86.ActiveCfg = Debug|Any CPU
		{FB757D0F-F2A4-2E6E-A618-B15FABC5E5DF}.Debug|x86.Build.0 = Debug|Any CPU
		{FB757D0F-F2A4-2E6E-A618-B15FABC5E5DF}.Release|Any CPU.ActiveCfg = Release|Any CPU
		{FB757D0F-F2A4-2E6E-A618-B15FABC5E5DF}.Release|Any CPU.Build.0 = Release|Any CPU
		{FB757D0F-F2A4-2E6E-A618-B15FABC5E5DF}.Release|x64.ActiveCfg = Release|Any CPU
		{FB757D0F-F2A4-2E6E-A618-B15FABC5E5DF}.Release|x64.Build.0 = Release|Any CPU
		{FB757D0F-F2A4-2E6E-A618-B15FABC5E5DF}.Release|x86.ActiveCfg = Release|Any CPU
		{FB757D0F-F2A4-2E6E-A618-B15FABC5E5DF}.Release|x86.Build.0 = Release|Any CPU
		{797023E0-4D13-7B97-ECE3-C488FB63E317}.Debug|Any CPU.ActiveCfg = Debug|Any CPU
		{797023E0-4D13-7B97-ECE3-C488FB63E317}.Debug|Any CPU.Build.0 = Debug|Any CPU
		{797023E0-4D13-7B97-ECE3-C488FB63E317}.Debug|x64.ActiveCfg = Debug|Any CPU
		{797023E0-4D13-7B97-ECE3-C488FB63E317}.Debug|x64.Build.0 = Debug|Any CPU
		{797023E0-4D13-7B97-ECE3-C488FB63E317}.Debug|x86.ActiveCfg = Debug|Any CPU
		{797023E0-4D13-7B97-ECE3-C488FB63E317}.Debug|x86.Build.0 = Debug|Any CPU
		{797023E0-4D13-7B97-ECE3-C488FB63E317}.Release|Any CPU.ActiveCfg = Release|Any CPU
		{797023E0-4D13-7B97-ECE3-C488FB63E317}.Release|Any CPU.Build.0 = Release|Any CPU
		{797023E0-4D13-7B97-ECE3-C488FB63E317}.Release|x64.ActiveCfg = Release|Any CPU
		{797023E0-4D13-7B97-ECE3-C488FB63E317}.Release|x64.Build.0 = Release|Any CPU
		{797023E0-4D13-7B97-ECE3-C488FB63E317}.Release|x86.ActiveCfg = Release|Any CPU
		{797023E0-4D13-7B97-ECE3-C488FB63E317}.Release|x86.Build.0 = Release|Any CPU
		{ABEDBF0D-A561-4E61-91D0-78B68965C0D6}.Debug|Any CPU.ActiveCfg = Debug|Any CPU
		{ABEDBF0D-A561-4E61-91D0-78B68965C0D6}.Debug|Any CPU.Build.0 = Debug|Any CPU
		{ABEDBF0D-A561-4E61-91D0-78B68965C0D6}.Debug|x64.ActiveCfg = Debug|Any CPU
		{ABEDBF0D-A561-4E61-91D0-78B68965C0D6}.Debug|x64.Build.0 = Debug|Any CPU
		{ABEDBF0D-A561-4E61-91D0-78B68965C0D6}.Debug|x86.ActiveCfg = Debug|Any CPU
		{ABEDBF0D-A561-4E61-91D0-78B68965C0D6}.Debug|x86.Build.0 = Debug|Any CPU
		{ABEDBF0D-A561-4E61-91D0-78B68965C0D6}.Release|Any CPU.ActiveCfg = Release|Any CPU
		{ABEDBF0D-A561-4E61-91D0-78B68965C0D6}.Release|Any CPU.Build.0 = Release|Any CPU
		{ABEDBF0D-A561-4E61-91D0-78B68965C0D6}.Release|x64.ActiveCfg = Release|Any CPU
		{ABEDBF0D-A561-4E61-91D0-78B68965C0D6}.Release|x64.Build.0 = Release|Any CPU
		{ABEDBF0D-A561-4E61-91D0-78B68965C0D6}.Release|x86.ActiveCfg = Release|Any CPU
		{ABEDBF0D-A561-4E61-91D0-78B68965C0D6}.Release|x86.Build.0 = Release|Any CPU
		{A2E80F9F-C4EC-42EE-86E7-E8E2EBB3D54A}.Debug|Any CPU.ActiveCfg = Debug|Any CPU
		{A2E80F9F-C4EC-42EE-86E7-E8E2EBB3D54A}.Debug|Any CPU.Build.0 = Debug|Any CPU
		{A2E80F9F-C4EC-42EE-86E7-E8E2EBB3D54A}.Debug|x64.ActiveCfg = Debug|Any CPU
		{A2E80F9F-C4EC-42EE-86E7-E8E2EBB3D54A}.Debug|x64.Build.0 = Debug|Any CPU
		{A2E80F9F-C4EC-42EE-86E7-E8E2EBB3D54A}.Debug|x86.ActiveCfg = Debug|Any CPU
		{A2E80F9F-C4EC-42EE-86E7-E8E2EBB3D54A}.Debug|x86.Build.0 = Debug|Any CPU
		{A2E80F9F-C4EC-42EE-86E7-E8E2EBB3D54A}.Release|Any CPU.ActiveCfg = Release|Any CPU
		{A2E80F9F-C4EC-42EE-86E7-E8E2EBB3D54A}.Release|Any CPU.Build.0 = Release|Any CPU
		{A2E80F9F-C4EC-42EE-86E7-E8E2EBB3D54A}.Release|x64.ActiveCfg = Release|Any CPU
		{A2E80F9F-C4EC-42EE-86E7-E8E2EBB3D54A}.Release|x64.Build.0 = Release|Any CPU
		{A2E80F9F-C4EC-42EE-86E7-E8E2EBB3D54A}.Release|x86.ActiveCfg = Release|Any CPU
		{A2E80F9F-C4EC-42EE-86E7-E8E2EBB3D54A}.Release|x86.Build.0 = Release|Any CPU
		{37B556C4-BBF1-42C9-B9C6-713C5A6C1291}.Debug|Any CPU.ActiveCfg = Debug|Any CPU
		{37B556C4-BBF1-42C9-B9C6-713C5A6C1291}.Debug|Any CPU.Build.0 = Debug|Any CPU
		{37B556C4-BBF1-42C9-B9C6-713C5A6C1291}.Debug|x64.ActiveCfg = Debug|Any CPU
		{37B556C4-BBF1-42C9-B9C6-713C5A6C1291}.Debug|x64.Build.0 = Debug|Any CPU
		{37B556C4-BBF1-42C9-B9C6-713C5A6C1291}.Debug|x86.ActiveCfg = Debug|Any CPU
		{37B556C4-BBF1-42C9-B9C6-713C5A6C1291}.Debug|x86.Build.0 = Debug|Any CPU
		{37B556C4-BBF1-42C9-B9C6-713C5A6C1291}.Release|Any CPU.ActiveCfg = Release|Any CPU
		{37B556C4-BBF1-42C9-B9C6-713C5A6C1291}.Release|Any CPU.Build.0 = Release|Any CPU
		{37B556C4-BBF1-42C9-B9C6-713C5A6C1291}.Release|x64.ActiveCfg = Release|Any CPU
		{37B556C4-BBF1-42C9-B9C6-713C5A6C1291}.Release|x64.Build.0 = Release|Any CPU
		{37B556C4-BBF1-42C9-B9C6-713C5A6C1291}.Release|x86.ActiveCfg = Release|Any CPU
		{37B556C4-BBF1-42C9-B9C6-713C5A6C1291}.Release|x86.Build.0 = Release|Any CPU
	EndGlobalSection
	GlobalSection(SolutionProperties) = preSolution
		HideSolutionNode = FALSE
	EndGlobalSection
	GlobalSection(NestedProjects) = preSolution
		{1BF6CD6B-4C0F-A3AF-FB47-B515396297C9} = {827E0CD3-B72D-47B6-A68D-7590B98EB39B}
		{C6B21CF1-14C7-3EF3-F83A-500A544BFF26} = {827E0CD3-B72D-47B6-A68D-7590B98EB39B}
		{FB757D0F-F2A4-2E6E-A618-B15FABC5E5DF} = {827E0CD3-B72D-47B6-A68D-7590B98EB39B}
		{797023E0-4D13-7B97-ECE3-C488FB63E317} = {827E0CD3-B72D-47B6-A68D-7590B98EB39B}
		{ABEDBF0D-A561-4E61-91D0-78B68965C0D6} = {0AB3BF05-4346-4AA6-1389-037BE0695223}
		{A2E80F9F-C4EC-42EE-86E7-E8E2EBB3D54A} = {0AB3BF05-4346-4AA6-1389-037BE0695223}
		{37B556C4-BBF1-42C9-B9C6-713C5A6C1291} = {0AB3BF05-4346-4AA6-1389-037BE0695223}
	EndGlobalSection
	GlobalSection(ExtensibilityGlobals) = postSolution
		SolutionGuid = {E92A93DB-90CE-4C8B-8F66-2FD8853C5238}
	EndGlobalSection
EndGlobal
